
Microsoft Visual Studio Solution File, Format Version 12.00
# Visual Studio Version 17
VisualStudioVersion = 17.14.36221.1 d17.14
MinimumVisualStudioVersion = 10.0.40219.1
Project("{FAE04EC0-301F-11D3-BF4B-00C04F79EFBC}") = "Labirint", "Labirint\Labirint.csproj", "{A36A4724-D92C-4C93-B6C0-B13BA597671F}"
EndProject
Global
	GlobalSection(SolutionConfigurationPlatforms) = preSolution
		Debug|Any CPU = Debug|Any CPU
		Release|Any CPU = Release|Any CPU
	EndGlobalSection
	GlobalSection(ProjectConfigurationPlatforms) = postSolution
		{A36A4724-D92C-4C93-B6C0-B13BA597671F}.Debug|Any CPU.ActiveCfg = Debug|Any CPU
		{A36A4724-D92C-4C93-B6C0-B13BA597671F}.Debug|Any CPU.Build.0 = Debug|Any CPU
		{A36A4724-D92C-4C93-B6C0-B13BA597671F}.Release|Any CPU.ActiveCfg = Release|Any CPU
		{A36A4724-D92C-4C93-B6C0-B13BA597671F}.Release|Any CPU.Build.0 = Release|Any CPU
	EndGlobalSection
	GlobalSection(SolutionProperties) = preSolution
		HideSolutionNode = FALSE
	EndGlobalSection
	GlobalSection(ExtensibilityGlobals) = postSolution
		SolutionGuid = {6F902DD2-69ED-41B3-9E61-38385886B44B}
	EndGlobalSection
EndGlobal
